// !$*UTF8*$!
{
	archiveVersion = 1;
	classes = {
	};
	objectVersion = 56;
	objects = {

/* Begin PBXBuildFile section */
		C51BEF262B00186A00557D1B /* SidesViewController.swift in Sources */ = {isa = PBXBuildFile; fileRef = C51BEF252B00186A00557D1B /* SidesViewController.swift */; };
		C51BEF292B001E9100557D1B /* SwiftUIView.swift in Sources */ = {isa = PBXBuildFile; fileRef = C51BEF282B001E9100557D1B /* SwiftUIView.swift */; };
		C52824B82AFFD8A000FD99C8 /* ExampleApp.swift in Sources */ = {isa = PBXBuildFile; fileRef = C52824B72AFFD8A000FD99C8 /* ExampleApp.swift */; };
		C52824BA2AFFD8A000FD99C8 /* ContentView.swift in Sources */ = {isa = PBXBuildFile; fileRef = C52824B92AFFD8A000FD99C8 /* ContentView.swift */; };
		C52824BC2AFFD8A100FD99C8 /* Assets.xcassets in Resources */ = {isa = PBXBuildFile; fileRef = C52824BB2AFFD8A100FD99C8 /* Assets.xcassets */; };
		C52824BF2AFFD8A100FD99C8 /* Preview Assets.xcassets in Resources */ = {isa = PBXBuildFile; fileRef = C52824BE2AFFD8A100FD99C8 /* Preview Assets.xcassets */; };
		C52824C82AFFD99A00FD99C8 /* DemoViewController.swift in Sources */ = {isa = PBXBuildFile; fileRef = C52824C72AFFD99A00FD99C8 /* DemoViewController.swift */; };
		C52824CC2AFFDA6600FD99C8 /* MagicImages in Frameworks */ = {isa = PBXBuildFile; productRef = C52824CB2AFFDA6600FD99C8 /* MagicImages */; };
		C52824CF2AFFDB5600FD99C8 /* CircleViewController.swift in Sources */ = {isa = PBXBuildFile; fileRef = C52824CE2AFFDB5600FD99C8 /* CircleViewController.swift */; };
		C52824D22AFFDD2D00FD99C8 /* RoundedViewController.swift in Sources */ = {isa = PBXBuildFile; fileRef = C52824D12AFFDD2D00FD99C8 /* RoundedViewController.swift */; };
/* End PBXBuildFile section */

/* Begin PBXFileReference section */
		C51BEF252B00186A00557D1B /* SidesViewController.swift */ = {isa = PBXFileReference; lastKnownFileType = sourcecode.swift; path = SidesViewController.swift; sourceTree = "<group>"; };
		C51BEF282B001E9100557D1B /* SwiftUIView.swift */ = {isa = PBXFileReference; lastKnownFileType = sourcecode.swift; path = SwiftUIView.swift; sourceTree = "<group>"; };
		C52824B42AFFD8A000FD99C8 /* Example.app */ = {isa = PBXFileReference; explicitFileType = wrapper.application; includeInIndex = 0; path = Example.app; sourceTree = BUILT_PRODUCTS_DIR; };
		C52824B72AFFD8A000FD99C8 /* ExampleApp.swift */ = {isa = PBXFileReference; lastKnownFileType = sourcecode.swift; path = ExampleApp.swift; sourceTree = "<group>"; };
		C52824B92AFFD8A000FD99C8 /* ContentView.swift */ = {isa = PBXFileReference; lastKnownFileType = sourcecode.swift; path = ContentView.swift; sourceTree = "<group>"; };
		C52824BB2AFFD8A100FD99C8 /* Assets.xcassets */ = {isa = PBXFileReference; lastKnownFileType = folder.assetcatalog; path = Assets.xcassets; sourceTree = "<group>"; };
		C52824BE2AFFD8A100FD99C8 /* Preview Assets.xcassets */ = {isa = PBXFileReference; lastKnownFileType = folder.assetcatalog; path = "Preview Assets.xcassets"; sourceTree = "<group>"; };
		C52824C72AFFD99A00FD99C8 /* DemoViewController.swift */ = {isa = PBXFileReference; lastKnownFileType = sourcecode.swift; path = DemoViewController.swift; sourceTree = "<group>"; };
		C52824CA2AFFDA6200FD99C8 /* MagicImages */ = {isa = PBXFileReference; lastKnownFileType = wrapper; name = MagicImages; path = ..; sourceTree = "<group>"; };
		C52824CE2AFFDB5600FD99C8 /* CircleViewController.swift */ = {isa = PBXFileReference; lastKnownFileType = sourcecode.swift; path = CircleViewController.swift; sourceTree = "<group>"; };
		C52824D12AFFDD2D00FD99C8 /* RoundedViewController.swift */ = {isa = PBXFileReference; lastKnownFileType = sourcecode.swift; path = RoundedViewController.swift; sourceTree = "<group>"; };
/* End PBXFileReference section */

/* Begin PBXFrameworksBuildPhase section */
		C52824B12AFFD8A000FD99C8 /* Frameworks */ = {
			isa = PBXFrameworksBuildPhase;
			buildActionMask = 2147483647;
			files = (
				C52824CC2AFFDA6600FD99C8 /* MagicImages in Frameworks */,
			);
			runOnlyForDeploymentPostprocessing = 0;
		};
/* End PBXFrameworksBuildPhase section */

/* Begin PBXGroup section */
		C51BEF242B00185C00557D1B /* Sides */ = {
			isa = PBXGroup;
			children = (
				C51BEF252B00186A00557D1B /* SidesViewController.swift */,
			);
			path = Sides;
			sourceTree = "<group>";
		};
		C51BEF272B001E8600557D1B /* SwiftUI */ = {
			isa = PBXGroup;
			children = (
				C51BEF282B001E9100557D1B /* SwiftUIView.swift */,
			);
			path = SwiftUI;
			sourceTree = "<group>";
		};
		C52824AB2AFFD8A000FD99C8 = {
			isa = PBXGroup;
			children = (
				C52824B62AFFD8A000FD99C8 /* Example */,
				C52824B52AFFD8A000FD99C8 /* Products */,
				C52824C92AFFDA6100FD99C8 /* Frameworks */,
			);
			sourceTree = "<group>";
		};
		C52824B52AFFD8A000FD99C8 /* Products */ = {
			isa = PBXGroup;
			children = (
				C52824B42AFFD8A000FD99C8 /* Example.app */,
			);
			name = Products;
			sourceTree = "<group>";
		};
		C52824B62AFFD8A000FD99C8 /* Example */ = {
			isa = PBXGroup;
			children = (
				C52824C52AFFD92700FD99C8 /* Screens */,
				C52824B72AFFD8A000FD99C8 /* ExampleApp.swift */,
				C52824B92AFFD8A000FD99C8 /* ContentView.swift */,
				C52824BB2AFFD8A100FD99C8 /* Assets.xcassets */,
				C52824BD2AFFD8A100FD99C8 /* Preview Content */,
			);
			path = Example;
			sourceTree = "<group>";
		};
		C52824BD2AFFD8A100FD99C8 /* Preview Content */ = {
			isa = PBXGroup;
			children = (
				C52824BE2AFFD8A100FD99C8 /* Preview Assets.xcassets */,
			);
			path = "Preview Content";
			sourceTree = "<group>";
		};
		C52824C52AFFD92700FD99C8 /* Screens */ = {
			isa = PBXGroup;
			children = (
				C51BEF272B001E8600557D1B /* SwiftUI */,
				C51BEF242B00185C00557D1B /* Sides */,
				C52824D02AFFDD1400FD99C8 /* Rounded */,
				C52824CD2AFFDB4900FD99C8 /* Circle */,
				C52824C62AFFD96000FD99C8 /* Demo */,
			);
			path = Screens;
			sourceTree = "<group>";
		};
		C52824C62AFFD96000FD99C8 /* Demo */ = {
			isa = PBXGroup;
			children = (
				C52824C72AFFD99A00FD99C8 /* DemoViewController.swift */,
			);
			path = Demo;
			sourceTree = "<group>";
		};
		C52824C92AFFDA6100FD99C8 /* Frameworks */ = {
			isa = PBXGroup;
			children = (
				C52824CA2AFFDA6200FD99C8 /* MagicImages */,
			);
			name = Frameworks;
			sourceTree = "<group>";
		};
		C52824CD2AFFDB4900FD99C8 /* Circle */ = {
			isa = PBXGroup;
			children = (
				C52824CE2AFFDB5600FD99C8 /* CircleViewController.swift */,
			);
			path = Circle;
			sourceTree = "<group>";
		};
		C52824D02AFFDD1400FD99C8 /* Rounded */ = {
			isa = PBXGroup;
			children = (
				C52824D12AFFDD2D00FD99C8 /* RoundedViewController.swift */,
			);
			path = Rounded;
			sourceTree = "<group>";
		};
/* End PBXGroup section */

/* Begin PBXNativeTarget section */
		C52824B32AFFD8A000FD99C8 /* Example */ = {
			isa = PBXNativeTarget;
			buildConfigurationList = C52824C22AFFD8A100FD99C8 /* Build configuration list for PBXNativeTarget "Example" */;
			buildPhases = (
				C52824B02AFFD8A000FD99C8 /* Sources */,
				C52824B12AFFD8A000FD99C8 /* Frameworks */,
				C52824B22AFFD8A000FD99C8 /* Resources */,
			);
			buildRules = (
			);
			dependencies = (
			);
			name = Example;
			packageProductDependencies = (
				C52824CB2AFFDA6600FD99C8 /* MagicImages */,
			);
			productName = Example;
			productReference = C52824B42AFFD8A000FD99C8 /* Example.app */;
			productType = "com.apple.product-type.application";
		};
/* End PBXNativeTarget section */

/* Begin PBXProject section */
		C52824AC2AFFD8A000FD99C8 /* Project object */ = {
			isa = PBXProject;
			attributes = {
				BuildIndependentTargetsInParallel = 1;
				LastSwiftUpdateCheck = 1500;
				LastUpgradeCheck = 1500;
				TargetAttributes = {
					C52824B32AFFD8A000FD99C8 = {
						CreatedOnToolsVersion = 15.0.1;
					};
				};
			};
			buildConfigurationList = C52824AF2AFFD8A000FD99C8 /* Build configuration list for PBXProject "Example" */;
			compatibilityVersion = "Xcode 14.0";
			developmentRegion = en;
			hasScannedForEncodings = 0;
			knownRegions = (
				en,
				Base,
			);
			mainGroup = C52824AB2AFFD8A000FD99C8;
			productRefGroup = C52824B52AFFD8A000FD99C8 /* Products */;
			projectDirPath = "";
			projectRoot = "";
			targets = (
				C52824B32AFFD8A000FD99C8 /* Example */,
			);
		};
/* End PBXProject section */

/* Begin PBXResourcesBuildPhase section */
		C52824B22AFFD8A000FD99C8 /* Resources */ = {
			isa = PBXResourcesBuildPhase;
			buildActionMask = 2147483647;
			files = (
				C52824BF2AFFD8A100FD99C8 /* Preview Assets.xcassets in Resources */,
				C52824BC2AFFD8A100FD99C8 /* Assets.xcassets in Resources */,
			);
			runOnlyForDeploymentPostprocessing = 0;
		};
/* End PBXResourcesBuildPhase section */

/* Begin PBXSourcesBuildPhase section */
		C52824B02AFFD8A000FD99C8 /* Sources */ = {
			isa = PBXSourcesBuildPhase;
			buildActionMask = 2147483647;
			files = (
				C52824C82AFFD99A00FD99C8 /* DemoViewController.swift in Sources */,
				C51BEF292B001E9100557D1B /* SwiftUIView.swift in Sources */,
				C51BEF262B00186A00557D1B /* SidesViewController.swift in Sources */,
				C52824BA2AFFD8A000FD99C8 /* ContentView.swift in Sources */,
				C52824D22AFFDD2D00FD99C8 /* RoundedViewController.swift in Sources */,
				C52824CF2AFFDB5600FD99C8 /* CircleViewController.swift in Sources */,
				C52824B82AFFD8A000FD99C8 /* ExampleApp.swift in Sources */,
			);
			runOnlyForDeploymentPostprocessing = 0;
		};
/* End PBXSourcesBuildPhase section */

/* Begin XCBuildConfiguration section */
		C52824C02AFFD8A100FD99C8 /* Debug */ = {
			isa = XCBuildConfiguration;
			buildSettings = {
				ALWAYS_SEARCH_USER_PATHS = NO;
				ASSETCATALOG_COMPILER_GENERATE_SWIFT_ASSET_SYMBOL_EXTENSIONS = YES;
				CLANG_ANALYZER_NONNULL = YES;
				CLANG_ANALYZER_NUMBER_OBJECT_CONVERSION = YES_AGGRESSIVE;
				CLANG_CXX_LANGUAGE_STANDARD = "gnu++20";
				CLANG_ENABLE_MODULES = YES;
				CLANG_ENABLE_OBJC_ARC = YES;
				CLANG_ENABLE_OBJC_WEAK = YES;
				CLANG_WARN_BLOCK_CAPTURE_AUTORELEASING = YES;
				CLANG_WARN_BOOL_CONVERSION = YES;
				CLANG_WARN_COMMA = YES;
				CLANG_WARN_CONSTANT_CONVERSION = YES;
				CLANG_WARN_DEPRECATED_OBJC_IMPLEMENTATIONS = YES;
				CLANG_WARN_DIRECT_OBJC_ISA_USAGE = YES_ERROR;
				CLANG_WARN_DOCUMENTATION_COMMENTS = YES;
				CLANG_WARN_EMPTY_BODY = YES;
				CLANG_WARN_ENUM_CONVERSION = YES;
				CLANG_WARN_INFINITE_RECURSION = YES;
				CLANG_WARN_INT_CONVERSION = YES;
				CLANG_WARN_NON_LITERAL_NULL_CONVERSION = YES;
				CLANG_WARN_OBJC_IMPLICIT_RETAIN_SELF = YES;
				CLANG_WARN_OBJC_LITERAL_CONVERSION = YES;
				CLANG_WARN_OBJC_ROOT_CLASS = YES_ERROR;
				CLANG_WARN_QUOTED_INCLUDE_IN_FRAMEWORK_HEADER = YES;
				CLANG_WARN_RANGE_LOOP_ANALYSIS = YES;
				CLANG_WARN_STRICT_PROTOTYPES = YES;
				CLANG_WARN_SUSPICIOUS_MOVE = YES;
				CLANG_WARN_UNGUARDED_AVAILABILITY = YES_AGGRESSIVE;
				CLANG_WARN_UNREACHABLE_CODE = YES;
				CLANG_WARN__DUPLICATE_METHOD_MATCH = YES;
				COPY_PHASE_STRIP = NO;
				DEBUG_INFORMATION_FORMAT = dwarf;
				ENABLE_STRICT_OBJC_MSGSEND = YES;
				ENABLE_TESTABILITY = YES;
				ENABLE_USER_SCRIPT_SANDBOXING = YES;
				GCC_C_LANGUAGE_STANDARD = gnu17;
				GCC_DYNAMIC_NO_PIC = NO;
				GCC_NO_COMMON_BLOCKS = YES;
				GCC_OPTIMIZATION_LEVEL = 0;
				GCC_PREPROCESSOR_DEFINITIONS = (
					"DEBUG=1",
					"$(inherited)",
				);
				GCC_WARN_64_TO_32_BIT_CONVERSION = YES;
				GCC_WARN_ABOUT_RETURN_TYPE = YES_ERROR;
				GCC_WARN_UNDECLARED_SELECTOR = YES;
				GCC_WARN_UNINITIALIZED_AUTOS = YES_AGGRESSIVE;
				GCC_WARN_UNUSED_FUNCTION = YES;
				GCC_WARN_UNUSED_VARIABLE = YES;
				IPHONEOS_DEPLOYMENT_TARGET = 14.0;
				LOCALIZATION_PREFERS_STRING_CATALOGS = YES;
				MTL_ENABLE_DEBUG_INFO = INCLUDE_SOURCE;
				MTL_FAST_MATH = YES;
				ONLY_ACTIVE_ARCH = YES;
				SDKROOT = iphoneos;
				SWIFT_ACTIVE_COMPILATION_CONDITIONS = "DEBUG $(inherited)";
				SWIFT_OPTIMIZATION_LEVEL = "-Onone";
			};
			name = Debug;
		};
		C52824C12AFFD8A100FD99C8 /* Release */ = {
			isa = XCBuildConfiguration;
			buildSettings = {
				ALWAYS_SEARCH_USER_PATHS = NO;
				ASSETCATALOG_COMPILER_GENERATE_SWIFT_ASSET_SYMBOL_EXTENSIONS = YES;
				CLANG_ANALYZER_NONNULL = YES;
				CLANG_ANALYZER_NUMBER_OBJECT_CONVERSION = YES_AGGRESSIVE;
				CLANG_CXX_LANGUAGE_STANDARD = "gnu++20";
				CLANG_ENABLE_MODULES = YES;
				CLANG_ENABLE_OBJC_ARC = YES;
				CLANG_ENABLE_OBJC_WEAK = YES;
				CLANG_WARN_BLOCK_CAPTURE_AUTORELEASING = YES;
				CLANG_WARN_BOOL_CONVERSION = YES;
				CLANG_WARN_COMMA = YES;
				CLANG_WARN_CONSTANT_CONVERSION = YES;
				CLANG_WARN_DEPRECATED_OBJC_IMPLEMENTATIONS = YES;
				CLANG_WARN_DIRECT_OBJC_ISA_USAGE = YES_ERROR;
				CLANG_WARN_DOCUMENTATION_COMMENTS = YES;
				CLANG_WARN_EMPTY_BODY = YES;
				CLANG_WARN_ENUM_CONVERSION = YES;
				CLANG_WARN_INFINITE_RECURSION = YES;
				CLANG_WARN_INT_CONVERSION = YES;
				CLANG_WARN_NON_LITERAL_NULL_CONVERSION = YES;
				CLANG_WARN_OBJC_IMPLICIT_RETAIN_SELF = YES;
				CLANG_WARN_OBJC_LITERAL_CONVERSION = YES;
				CLANG_WARN_OBJC_ROOT_CLASS = YES_ERROR;
				CLANG_WARN_QUOTED_INCLUDE_IN_FRAMEWORK_HEADER = YES;
				CLANG_WARN_RANGE_LOOP_ANALYSIS = YES;
				CLANG_WARN_STRICT_PROTOTYPES = YES;
				CLANG_WARN_SUSPICIOUS_MOVE = YES;
				CLANG_WARN_UNGUARDED_AVAILABILITY = YES_AGGRESSIVE;
				CLANG_WARN_UNREACHABLE_CODE = YES;
				CLANG_WARN__DUPLICATE_METHOD_MATCH = YES;
				COPY_PHASE_STRIP = NO;
				DEBUG_INFORMATION_FORMAT = "dwarf-with-dsym";
				ENABLE_NS_ASSERTIONS = NO;
				ENABLE_STRICT_OBJC_MSGSEND = YES;
				ENABLE_USER_SCRIPT_SANDBOXING = YES;
				GCC_C_LANGUAGE_STANDARD = gnu17;
				GCC_NO_COMMON_BLOCKS = YES;
				GCC_WARN_64_TO_32_BIT_CONVERSION = YES;
				GCC_WARN_ABOUT_RETURN_TYPE = YES_ERROR;
				GCC_WARN_UNDECLARED_SELECTOR = YES;
				GCC_WARN_UNINITIALIZED_AUTOS = YES_AGGRESSIVE;
				GCC_WARN_UNUSED_FUNCTION = YES;
				GCC_WARN_UNUSED_VARIABLE = YES;
				IPHONEOS_DEPLOYMENT_TARGET = 14.0;
				LOCALIZATION_PREFERS_STRING_CATALOGS = YES;
				MTL_ENABLE_DEBUG_INFO = NO;
				MTL_FAST_MATH = YES;
				SDKROOT = iphoneos;
				SWIFT_COMPILATION_MODE = wholemodule;
				VALIDATE_PRODUCT = YES;
			};
			name = Release;
		};
		C52824C32AFFD8A100FD99C8 /* Debug */ = {
			isa = XCBuildConfiguration;
			buildSettings = {
				ASSETCATALOG_COMPILER_APPICON_NAME = AppIcon;
				ASSETCATALOG_COMPILER_GLOBAL_ACCENT_COLOR_NAME = AccentColor;
				CODE_SIGN_STYLE = Automatic;
				CURRENT_PROJECT_VERSION = 1;
				DEVELOPMENT_ASSET_PATHS = "\"Example/Preview Content\"";
				ENABLE_PREVIEWS = YES;
				GENERATE_INFOPLIST_FILE = YES;
				INFOPLIST_KEY_UIApplicationSceneManifest_Generation = YES;
				INFOPLIST_KEY_UIApplicationSupportsIndirectInputEvents = YES;
				INFOPLIST_KEY_UILaunchScreen_Generation = YES;
				INFOPLIST_KEY_UISupportedInterfaceOrientations = UIInterfaceOrientationPortrait;
				INFOPLIST_KEY_UISupportedInterfaceOrientations_iPad = "UIInterfaceOrientationLandscapeLeft UIInterfaceOrientationLandscapeRight UIInterfaceOrientationPortrait UIInterfaceOrientationPortraitUpsideDown";
				IPHONEOS_DEPLOYMENT_TARGET = 14.0;
				LD_RUNPATH_SEARCH_PATHS = (
					"$(inherited)",
					"@executable_path/Frameworks",
				);
				MARKETING_VERSION = 1.0;
				PRODUCT_BUNDLE_IDENTIFIER = com.joaolfp.Example;
				PRODUCT_NAME = "$(TARGET_NAME)";
				SUPPORTED_PLATFORMS = "iphoneos iphonesimulator";
				SUPPORTS_MACCATALYST = NO;
				SUPPORTS_MAC_DESIGNED_FOR_IPHONE_IPAD = NO;
				SWIFT_EMIT_LOC_STRINGS = YES;
				SWIFT_VERSION = 5.0;
				TARGETED_DEVICE_FAMILY = 1;
			};
			name = Debug;
		};
		C52824C42AFFD8A100FD99C8 /* Release */ = {
			isa = XCBuildConfiguration;
			buildSettings = {
				ASSETCATALOG_COMPILER_APPICON_NAME = AppIcon;
				ASSETCATALOG_COMPILER_GLOBAL_ACCENT_COLOR_NAME = AccentColor;
				CODE_SIGN_STYLE = Automatic;
				CURRENT_PROJECT_VERSION = 1;
				DEVELOPMENT_ASSET_PATHS = "\"Example/Preview Content\"";
				ENABLE_PREVIEWS = YES;
				GENERATE_INFOPLIST_FILE = YES;
				INFOPLIST_KEY_UIApplicationSceneManifest_Generation = YES;
				INFOPLIST_KEY_UIApplicationSupportsIndirectInputEvents = YES;
				INFOPLIST_KEY_UILaunchScreen_Generation = YES;
				INFOPLIST_KEY_UISupportedInterfaceOrientations = UIInterfaceOrientationPortrait;
				INFOPLIST_KEY_UISupportedInterfaceOrientations_iPad = "UIInterfaceOrientationLandscapeLeft UIInterfaceOrientationLandscapeRight UIInterfaceOrientationPortrait UIInterfaceOrientationPortraitUpsideDown";
				IPHONEOS_DEPLOYMENT_TARGET = 14.0;
				LD_RUNPATH_SEARCH_PATHS = (
					"$(inherited)",
					"@executable_path/Frameworks",
				);
				MARKETING_VERSION = 1.0;
				PRODUCT_BUNDLE_IDENTIFIER = com.joaolfp.Example;
				PRODUCT_NAME = "$(TARGET_NAME)";
				SUPPORTED_PLATFORMS = "iphoneos iphonesimulator";
				SUPPORTS_MACCATALYST = NO;
				SUPPORTS_MAC_DESIGNED_FOR_IPHONE_IPAD = NO;
				SWIFT_EMIT_LOC_STRINGS = YES;
				SWIFT_VERSION = 5.0;
				TARGETED_DEVICE_FAMILY = 1;
			};
			name = Release;
		};
/* End XCBuildConfiguration section */

/* Begin XCConfigurationList section */
		C52824AF2AFFD8A000FD99C8 /* Build configuration list for PBXProject "Example" */ = {
			isa = XCConfigurationList;
			buildConfigurations = (
				C52824C02AFFD8A100FD99C8 /* Debug */,
				C52824C12AFFD8A100FD99C8 /* Release */,
			);
			defaultConfigurationIsVisible = 0;
			defaultConfigurationName = Release;
		};
		C52824C22AFFD8A100FD99C8 /* Build configuration list for PBXNativeTarget "Example" */ = {
			isa = XCConfigurationList;
			buildConfigurations = (
				C52824C32AFFD8A100FD99C8 /* Debug */,
				C52824C42AFFD8A100FD99C8 /* Release */,
			);
			defaultConfigurationIsVisible = 0;
			defaultConfigurationName = Release;
		};
/* End XCConfigurationList section */

/* Begin XCSwiftPackageProductDependency section */
		C52824CB2AFFDA6600FD99C8 /* MagicImages */ = {
			isa = XCSwiftPackageProductDependency;
			productName = MagicImages;
		};
/* End XCSwiftPackageProductDependency section */
	};
	rootObject = C52824AC2AFFD8A000FD99C8 /* Project object */;
}
